
Microsoft Visual Studio Solution File, Format Version 12.00
# Visual Studio 14
VisualStudioVersion = 14.0.25420.1
MinimumVisualStudioVersion = 10.0.40219.1
Project("{8BC9CEB8-8B4A-11D0-8D11-00A0C91BC942}") = "CplusplusTest", "CplusplusTest\CplusplusTest.vcxproj", "{F0355AE3-0316-4EB5-A69D-1EA2D2152CA2}"
EndProject
Project("{8BC9CEB8-8B4A-11D0-8D11-00A0C91BC942}") = "Cplusplus_Normal", "Cplusplus_Normal\Cplusplus_Normal.vcxproj", "{6A14D056-4ADE-48D1-BEA9-956E39EDB2E3}"
EndProject
Project("{8BC9CEB8-8B4A-11D0-8D11-00A0C91BC942}") = "DemoWindows", "DemoWindows\DemoWindows.vcxproj", "{660E3930-9EB8-4CF1-8765-3FD3BAC2854B}"
EndProject
Global
	GlobalSection(SolutionConfigurationPlatforms) = preSolution
		Debug|x64 = Debug|x64
		Debug|x86 = Debug|x86
		Release|x64 = Release|x64
		Release|x86 = Release|x86
	EndGlobalSection
	GlobalSection(ProjectConfigurationPlatforms) = postSolution
		{F0355AE3-0316-4EB5-A69D-1EA2D2152CA2}.Debug|x64.ActiveCfg = Debug|x64
		{F0355AE3-0316-4EB5-A69D-1EA2D2152CA2}.Debug|x64.Build.0 = Debug|x64
		{F0355AE3-0316-4EB5-A69D-1EA2D2152CA2}.Debug|x86.ActiveCfg = Debug|Win32
		{F0355AE3-0316-4EB5-A69D-1EA2D2152CA2}.Debug|x86.Build.0 = Debug|Win32
		{F0355AE3-0316-4EB5-A69D-1EA2D2152CA2}.Release|x64.ActiveCfg = Release|x64
		{F0355AE3-0316-4EB5-A69D-1EA2D2152CA2}.Release|x64.Build.0 = Release|x64
		{F0355AE3-0316-4EB5-A69D-1EA2D2152CA2}.Release|x86.ActiveCfg = Release|Win32
		{F0355AE3-0316-4EB5-A69D-1EA2D2152CA2}.Release|x86.Build.0 = Release|Win32
		{6A14D056-4ADE-48D1-BEA9-956E39EDB2E3}.Debug|x64.ActiveCfg = Debug|x64
		{6A14D056-4ADE-48D1-BEA9-956E39EDB2E3}.Debug|x64.Build.0 = Debug|x64
		{6A14D056-4ADE-48D1-BEA9-956E39EDB2E3}.Debug|x86.ActiveCfg = Debug|Win32
		{6A14D056-4ADE-48D1-BEA9-956E39EDB2E3}.Debug|x86.Build.0 = Debug|Win32
		{6A14D056-4ADE-48D1-BEA9-956E39EDB2E3}.Release|x64.ActiveCfg = Release|x64
		{6A14D056-4ADE-48D1-BEA9-956E39EDB2E3}.Release|x64.Build.0 = Release|x64
		{6A14D056-4ADE-48D1-BEA9-956E39EDB2E3}.Release|x86.ActiveCfg = Release|Win32
		{6A14D056-4ADE-48D1-BEA9-956E39EDB2E3}.Release|x86.Build.0 = Release|Win32
		{660E3930-9EB8-4CF1-8765-3FD3BAC2854B}.Debug|x64.ActiveCfg = Debug|x64
		{660E3930-9EB8-4CF1-8765-3FD3BAC2854B}.Debug|x64.Build.0 = Debug|x64
		{660E3930-9EB8-4CF1-8765-3FD3BAC2854B}.Debug|x86.ActiveCfg = Debug|Win32
		{660E3930-9EB8-4CF1-8765-3FD3BAC2854B}.Debug|x86.Build.0 = Debug|Win32
		{660E3930-9EB8-4CF1-8765-3FD3BAC2854B}.Release|x64.ActiveCfg = Release|x64
		{660E3930-9EB8-4CF1-8765-3FD3BAC2854B}.Release|x64.Build.0 = Release|x64
		{660E3930-9EB8-4CF1-8765-3FD3BAC2854B}.Release|x86.ActiveCfg = Release|Win32
		{660E3930-9EB8-4CF1-8765-3FD3BAC2854B}.Release|x86.Build.0 = Release|Win32
	EndGlobalSection
	GlobalSection(SolutionProperties) = preSolution
		HideSolutionNode = FALSE
	EndGlobalSection
EndGlobal
